
Microsoft Visual Studio Solution File, Format Version 12.00
# Visual Studio 15
VisualStudioVersion = 15.0.27130.2010
MinimumVisualStudioVersion = 10.0.40219.1
Project("{FAE04EC0-301F-11D3-BF4B-00C04F79EFBC}") = "MusicFileSorter", "MusicFileSorter\MusicFileSorter.csproj", "{F7CB4EAD-D47B-473A-9FC3-11F43E2ACDCC}"
EndProject
Global
	GlobalSection(SolutionConfigurationPlatforms) = preSolution
		Debug|Any CPU = Debug|Any CPU
		Release|Any CPU = Release|Any CPU
	EndGlobalSection
	GlobalSection(ProjectConfigurationPlatforms) = postSolution
		{F7CB4EAD-D47B-473A-9FC3-11F43E2ACDCC}.Debug|Any CPU.ActiveCfg = Debug|Any CPU
		{F7CB4EAD-D47B-473A-9FC3-11F43E2ACDCC}.Debug|Any CPU.Build.0 = Debug|Any CPU
		{F7CB4EAD-D47B-473A-9FC3-11F43E2ACDCC}.Release|Any CPU.ActiveCfg = Release|Any CPU
		{F7CB4EAD-D47B-473A-9FC3-11F43E2ACDCC}.Release|Any CPU.Build.0 = Release|Any CPU
	EndGlobalSection
	GlobalSection(SolutionProperties) = preSolution
		HideSolutionNode = FALSE
	EndGlobalSection
	GlobalSection(ExtensibilityGlobals) = postSolution
		SolutionGuid = {0D7182AF-2C0A-4CD9-BDC9-D914BB6E8DF0}
	EndGlobalSection
EndGlobal
